{
    "version": 3,
    "terraform_version": "0.11.10",
    "serial": 4,
    "lineage": "3919ec2c-4e7e-6c87-6543-39a4e5613842",
    "modules": [
        {
            "path": [
                "root"
            ],
            "outputs": {
                "elb_dns": {
                    "sensitive": false,
                    "type": "string",
                    "value": "myelb-1991683156.us-east-2.elb.amazonaws.com"
                }
            },
            "resources": {
                "aws_elb.my_elb": {
                    "type": "aws_elb",
                    "depends_on": [
                        "aws_instance.web.*",
                        "aws_security_group.web.*",
                        "aws_subnet.my_subnet_public.*"
                    ],
                    "primary": {
                        "id": "myelb",
                        "attributes": {
                            "access_logs.#": "0",
                            "arn": "arn:aws:elasticloadbalancing:us-east-2:863639872225:loadbalancer/myelb",
                            "availability_zones.#": "2",
                            "availability_zones.1726430690": "us-east-2b",
                            "availability_zones.4293815384": "us-east-2a",
                            "connection_draining": "true",
                            "connection_draining_timeout": "300",
                            "cross_zone_load_balancing": "true",
                            "dns_name": "myelb-1991683156.us-east-2.elb.amazonaws.com",
                            "health_check.#": "1",
                            "health_check.0.healthy_threshold": "2",
                            "health_check.0.interval": "20",
                            "health_check.0.target": "HTTP:80/index.html",
                            "health_check.0.timeout": "3",
                            "health_check.0.unhealthy_threshold": "2",
                            "id": "myelb",
                            "idle_timeout": "100",
                            "instances.#": "2",
                            "instances.867643419": "i-06f270927490fc6b8",
                            "instances.931933263": "i-0ba13308ea03f2017",
                            "internal": "false",
                            "listener.#": "1",
                            "listener.3057123346.instance_port": "80",
                            "listener.3057123346.instance_protocol": "http",
                            "listener.3057123346.lb_port": "80",
                            "listener.3057123346.lb_protocol": "http",
                            "listener.3057123346.ssl_certificate_id": "",
                            "name": "myelb",
                            "security_groups.#": "1",
                            "security_groups.107617759": "sg-0f81358908ec7998e",
                            "source_security_group": "863639872225/allow_http",
                            "source_security_group_id": "sg-0f81358908ec7998e",
                            "subnets.#": "2",
                            "subnets.3004306542": "subnet-0aa1e22d11c18fbca",
                            "subnets.3604803516": "subnet-04d50e708b8b1c3b2",
                            "tags.%": "1",
                            "tags.Name": "my_elb",
                            "zone_id": "Z3AADJGX6KTTL2"
                        },
                        "meta": {},
                        "tainted": false
                    },
                    "deposed": [],
                    "provider": "provider.aws"
                },
                "aws_instance.web.0": {
                    "type": "aws_instance",
                    "depends_on": [
                        "aws_security_group.web",
                        "aws_subnet.my_subnet_public.*"
                    ],
                    "primary": {
                        "id": "i-0ba13308ea03f2017",
                        "attributes": {
                            "ami": "ami-0d8f6eb4f641ef691",
                            "arn": "arn:aws:ec2:us-east-2:863639872225:instance/i-0ba13308ea03f2017",
                            "associate_public_ip_address": "true",
                            "availability_zone": "us-east-2a",
                            "cpu_core_count": "1",
                            "cpu_threads_per_core": "1",
                            "credit_specification.#": "1",
                            "credit_specification.0.cpu_credits": "standard",
                            "disable_api_termination": "false",
                            "ebs_block_device.#": "0",
                            "ebs_optimized": "false",
                            "ephemeral_block_device.#": "0",
                            "get_password_data": "false",
                            "iam_instance_profile": "",
                            "id": "i-0ba13308ea03f2017",
                            "instance_state": "running",
                            "instance_type": "t2.micro",
                            "ipv6_address_count": "0",
                            "ipv6_addresses.#": "0",
                            "key_name": "",
                            "monitoring": "false",
                            "network_interface.#": "0",
                            "password_data": "",
                            "placement_group": "",
                            "primary_network_interface_id": "eni-054088fbba98b21d3",
                            "private_dns": "ip-10-10-1-33.us-east-2.compute.internal",
                            "private_ip": "10.10.1.33",
                            "public_dns": "",
                            "public_ip": "3.16.79.0",
                            "root_block_device.#": "1",
                            "root_block_device.0.delete_on_termination": "true",
                            "root_block_device.0.iops": "100",
                            "root_block_device.0.volume_id": "vol-07ca348b82c2b8c12",
                            "root_block_device.0.volume_size": "8",
                            "root_block_device.0.volume_type": "gp2",
                            "security_groups.#": "0",
                            "source_dest_check": "true",
                            "subnet_id": "subnet-04d50e708b8b1c3b2",
                            "tags.%": "1",
                            "tags.Name": "Web-1",
                            "tenancy": "default",
                            "user_data": "9e376e219bcfd3b45703d4061f78613a0fdc1fe2",
                            "volume_tags.%": "0",
                            "vpc_security_group_ids.#": "1",
                            "vpc_security_group_ids.107617759": "sg-0f81358908ec7998e"
                        },
                        "meta": {
                            "e2bfb730-ecaa-11e6-8f88-34363bc7c4c0": {
                                "create": 600000000000,
                                "delete": 1200000000000,
                                "update": 600000000000
                            },
                            "schema_version": "1"
                        },
                        "tainted": false
                    },
                    "deposed": [],
                    "provider": "provider.aws"
                },
                "aws_instance.web.1": {
                    "type": "aws_instance",
                    "depends_on": [
                        "aws_security_group.web",
                        "aws_subnet.my_subnet_public.*"
                    ],
                    "primary": {
                        "id": "i-06f270927490fc6b8",
                        "attributes": {
                            "ami": "ami-0d8f6eb4f641ef691",
                            "arn": "arn:aws:ec2:us-east-2:863639872225:instance/i-06f270927490fc6b8",
                            "associate_public_ip_address": "true",
                            "availability_zone": "us-east-2b",
                            "cpu_core_count": "1",
                            "cpu_threads_per_core": "1",
                            "credit_specification.#": "1",
                            "credit_specification.0.cpu_credits": "standard",
                            "disable_api_termination": "false",
                            "ebs_block_device.#": "0",
                            "ebs_optimized": "false",
                            "ephemeral_block_device.#": "0",
                            "get_password_data": "false",
                            "iam_instance_profile": "",
                            "id": "i-06f270927490fc6b8",
                            "instance_state": "running",
                            "instance_type": "t2.micro",
                            "ipv6_address_count": "0",
                            "ipv6_addresses.#": "0",
                            "key_name": "",
                            "monitoring": "false",
                            "network_interface.#": "0",
                            "password_data": "",
                            "placement_group": "",
                            "primary_network_interface_id": "eni-07b73955b5d00cf2c",
                            "private_dns": "ip-10-10-2-42.us-east-2.compute.internal",
                            "private_ip": "10.10.2.42",
                            "public_dns": "",
                            "public_ip": "3.17.58.123",
                            "root_block_device.#": "1",
                            "root_block_device.0.delete_on_termination": "true",
                            "root_block_device.0.iops": "100",
                            "root_block_device.0.volume_id": "vol-07c2e3db73277011d",
                            "root_block_device.0.volume_size": "8",
                            "root_block_device.0.volume_type": "gp2",
                            "security_groups.#": "0",
                            "source_dest_check": "true",
                            "subnet_id": "subnet-0aa1e22d11c18fbca",
                            "tags.%": "1",
                            "tags.Name": "Web-2",
                            "tenancy": "default",
                            "user_data": "9e376e219bcfd3b45703d4061f78613a0fdc1fe2",
                            "volume_tags.%": "0",
                            "vpc_security_group_ids.#": "1",
                            "vpc_security_group_ids.107617759": "sg-0f81358908ec7998e"
                        },
                        "meta": {
                            "e2bfb730-ecaa-11e6-8f88-34363bc7c4c0": {
                                "create": 600000000000,
                                "delete": 1200000000000,
                                "update": 600000000000
                            },
                            "schema_version": "1"
                        },
                        "tainted": false
                    },
                    "deposed": [],
                    "provider": "provider.aws"
                },
                "aws_internet_gateway.my_igw": {
                    "type": "aws_internet_gateway",
                    "depends_on": [
                        "aws_vpc.my_vpc"
                    ],
                    "primary": {
                        "id": "igw-0c4d78d548b3248e2",
                        "attributes": {
                            "id": "igw-0c4d78d548b3248e2",
                            "owner_id": "863639872225",
                            "tags.%": "1",
                            "tags.Name": "my_terra_project",
                            "vpc_id": "vpc-0b55287b7da2f88dc"
                        },
                        "meta": {},
                        "tainted": false
                    },
                    "deposed": [],
                    "provider": "provider.aws"
                },
                "aws_route_table.pub_route": {
                    "type": "aws_route_table",
                    "depends_on": [
                        "aws_internet_gateway.my_igw",
                        "aws_vpc.my_vpc"
                    ],
                    "primary": {
                        "id": "rtb-07fae0ee2457fba9a",
                        "attributes": {
                            "id": "rtb-07fae0ee2457fba9a",
                            "owner_id": "863639872225",
                            "propagating_vgws.#": "0",
                            "route.#": "1",
                            "route.1839251721.cidr_block": "0.0.0.0/0",
                            "route.1839251721.egress_only_gateway_id": "",
                            "route.1839251721.gateway_id": "igw-0c4d78d548b3248e2",
                            "route.1839251721.instance_id": "",
                            "route.1839251721.ipv6_cidr_block": "",
                            "route.1839251721.nat_gateway_id": "",
                            "route.1839251721.network_interface_id": "",
                            "route.1839251721.transit_gateway_id": "",
                            "route.1839251721.vpc_peering_connection_id": "",
                            "tags.%": "1",
                            "tags.Name": "pub_route",
                            "vpc_id": "vpc-0b55287b7da2f88dc"
                        },
                        "meta": {},
                        "tainted": false
                    },
                    "deposed": [],
                    "provider": "provider.aws"
                },
                "aws_route_table_association.a.0": {
                    "type": "aws_route_table_association",
                    "depends_on": [
                        "aws_route_table.pub_route",
                        "aws_subnet.my_subnet_public.*"
                    ],
                    "primary": {
                        "id": "rtbassoc-0758ef715d13ff8f6",
                        "attributes": {
                            "id": "rtbassoc-0758ef715d13ff8f6",
                            "route_table_id": "rtb-07fae0ee2457fba9a",
                            "subnet_id": "subnet-04d50e708b8b1c3b2"
                        },
                        "meta": {},
                        "tainted": false
                    },
                    "deposed": [],
                    "provider": "provider.aws"
                },
                "aws_route_table_association.a.1": {
                    "type": "aws_route_table_association",
                    "depends_on": [
                        "aws_route_table.pub_route",
                        "aws_subnet.my_subnet_public.*"
                    ],
                    "primary": {
                        "id": "rtbassoc-0c71790af4e5e1fdb",
                        "attributes": {
                            "id": "rtbassoc-0c71790af4e5e1fdb",
                            "route_table_id": "rtb-07fae0ee2457fba9a",
                            "subnet_id": "subnet-0aa1e22d11c18fbca"
                        },
                        "meta": {},
                        "tainted": false
                    },
                    "deposed": [],
                    "provider": "provider.aws"
                },
                "aws_security_group.web": {
                    "type": "aws_security_group",
                    "depends_on": [
                        "aws_vpc.my_vpc"
                    ],
                    "primary": {
                        "id": "sg-0f81358908ec7998e",
                        "attributes": {
                            "arn": "arn:aws:ec2:us-east-2:863639872225:security-group/sg-0f81358908ec7998e",
                            "description": "Allow inbound trafic httpd",
                            "egress.#": "1",
                            "egress.482069346.cidr_blocks.#": "1",
                            "egress.482069346.cidr_blocks.0": "0.0.0.0/0",
                            "egress.482069346.description": "",
                            "egress.482069346.from_port": "0",
                            "egress.482069346.ipv6_cidr_blocks.#": "0",
                            "egress.482069346.prefix_list_ids.#": "0",
                            "egress.482069346.protocol": "-1",
                            "egress.482069346.security_groups.#": "0",
                            "egress.482069346.self": "false",
                            "egress.482069346.to_port": "0",
                            "id": "sg-0f81358908ec7998e",
                            "ingress.#": "1",
                            "ingress.1409554689.cidr_blocks.#": "1",
                            "ingress.1409554689.cidr_blocks.0": "0.0.0.0/0",
                            "ingress.1409554689.description": "",
                            "ingress.1409554689.from_port": "22",
                            "ingress.1409554689.ipv6_cidr_blocks.#": "0",
                            "ingress.1409554689.prefix_list_ids.#": "0",
                            "ingress.1409554689.protocol": "tcp",
                            "ingress.1409554689.security_groups.#": "0",
                            "ingress.1409554689.self": "false",
                            "ingress.1409554689.to_port": "80",
                            "name": "allow_http",
                            "owner_id": "863639872225",
                            "revoke_rules_on_delete": "false",
                            "tags.%": "0",
                            "vpc_id": "vpc-0b55287b7da2f88dc"
                        },
                        "meta": {
                            "e2bfb730-ecaa-11e6-8f88-34363bc7c4c0": {
                                "create": 600000000000,
                                "delete": 600000000000
                            },
                            "schema_version": "1"
                        },
                        "tainted": false
                    },
                    "deposed": [],
                    "provider": "provider.aws"
                },
                "aws_subnet.my_subnet_public.0": {
                    "type": "aws_subnet",
                    "depends_on": [
                        "aws_vpc.my_vpc"
                    ],
                    "primary": {
                        "id": "subnet-04d50e708b8b1c3b2",
                        "attributes": {
                            "arn": "arn:aws:ec2:us-east-2:863639872225:subnet/subnet-04d50e708b8b1c3b2",
                            "assign_ipv6_address_on_creation": "false",
                            "availability_zone": "us-east-2a",
                            "availability_zone_id": "use2-az1",
                            "cidr_block": "10.10.1.0/24",
                            "id": "subnet-04d50e708b8b1c3b2",
                            "ipv6_cidr_block": "",
                            "ipv6_cidr_block_association_id": "",
                            "map_public_ip_on_launch": "true",
                            "owner_id": "863639872225",
                            "tags.%": "1",
                            "tags.Name": "subnet-1",
                            "vpc_id": "vpc-0b55287b7da2f88dc"
                        },
                        "meta": {
                            "e2bfb730-ecaa-11e6-8f88-34363bc7c4c0": {
                                "create": 600000000000,
                                "delete": 1200000000000
                            },
                            "schema_version": "1"
                        },
                        "tainted": false
                    },
                    "deposed": [],
                    "provider": "provider.aws"
                },
                "aws_subnet.my_subnet_public.1": {
                    "type": "aws_subnet",
                    "depends_on": [
                        "aws_vpc.my_vpc"
                    ],
                    "primary": {
                        "id": "subnet-0aa1e22d11c18fbca",
                        "attributes": {
                            "arn": "arn:aws:ec2:us-east-2:863639872225:subnet/subnet-0aa1e22d11c18fbca",
                            "assign_ipv6_address_on_creation": "false",
                            "availability_zone": "us-east-2b",
                            "availability_zone_id": "use2-az2",
                            "cidr_block": "10.10.2.0/24",
                            "id": "subnet-0aa1e22d11c18fbca",
                            "ipv6_cidr_block": "",
                            "ipv6_cidr_block_association_id": "",
                            "map_public_ip_on_launch": "true",
                            "owner_id": "863639872225",
                            "tags.%": "1",
                            "tags.Name": "subnet-2",
                            "vpc_id": "vpc-0b55287b7da2f88dc"
                        },
                        "meta": {
                            "e2bfb730-ecaa-11e6-8f88-34363bc7c4c0": {
                                "create": 600000000000,
                                "delete": 1200000000000
                            },
                            "schema_version": "1"
                        },
                        "tainted": false
                    },
                    "deposed": [],
                    "provider": "provider.aws"
                },
                "aws_vpc.my_vpc": {
                    "type": "aws_vpc",
                    "depends_on": [],
                    "primary": {
                        "id": "vpc-0b55287b7da2f88dc",
                        "attributes": {
                            "arn": "arn:aws:ec2:us-east-2:863639872225:vpc/vpc-0b55287b7da2f88dc",
                            "assign_generated_ipv6_cidr_block": "false",
                            "cidr_block": "10.10.0.0/16",
                            "default_network_acl_id": "acl-007101aa3870a3008",
                            "default_route_table_id": "rtb-0271f3b1fcbc2625e",
                            "default_security_group_id": "sg-0a9e685832aad61cb",
                            "dhcp_options_id": "dopt-6b3ac500",
                            "enable_dns_hostnames": "false",
                            "enable_dns_support": "true",
                            "id": "vpc-0b55287b7da2f88dc",
                            "instance_tenancy": "default",
                            "ipv6_association_id": "",
                            "ipv6_cidr_block": "",
                            "main_route_table_id": "rtb-0271f3b1fcbc2625e",
                            "owner_id": "863639872225",
                            "tags.%": "1",
                            "tags.Name": "my_terra_project"
                        },
                        "meta": {
                            "schema_version": "1"
                        },
                        "tainted": false
                    },
                    "deposed": [],
                    "provider": "provider.aws"
                }
            },
            "depends_on": []
        }
    ]
}
